// !$*UTF8*$!
{
	archiveVersion = 1;
	classes = {
	};
	objectVersion = 46;
	objects = {

/* Begin PBXBuildFile section */
		586753771D1F359600172B4E /* AppDelegate.swift in Sources */ = {isa = PBXBuildFile; fileRef = 586753761D1F359600172B4E /* AppDelegate.swift */; };
		586753791D1F359600172B4E /* ViewController.swift in Sources */ = {isa = PBXBuildFile; fileRef = 586753781D1F359600172B4E /* ViewController.swift */; };
		5867537C1D1F359600172B4E /* Main.storyboard in Resources */ = {isa = PBXBuildFile; fileRef = 5867537A1D1F359600172B4E /* Main.storyboard */; };
		5867537E1D1F359600172B4E /* Assets.xcassets in Resources */ = {isa = PBXBuildFile; fileRef = 5867537D1D1F359600172B4E /* Assets.xcassets */; };
		586753811D1F359600172B4E /* LaunchScreen.storyboard in Resources */ = {isa = PBXBuildFile; fileRef = 5867537F1D1F359600172B4E /* LaunchScreen.storyboard */; };
		5867538B1D1F362000172B4E /* asset_0.png in Resources */ = {isa = PBXBuildFile; fileRef = 586753881D1F362000172B4E /* asset_0.png */; };
		5867538C1D1F362000172B4E /* asset_37.png in Resources */ = {isa = PBXBuildFile; fileRef = 586753891D1F362000172B4E /* asset_37.png */; };
		5867538D1D1F362000172B4E /* asset_218.png in Resources */ = {isa = PBXBuildFile; fileRef = 5867538A1D1F362000172B4E /* asset_218.png */; };
/* End PBXBuildFile section */

/* Begin PBXFileReference section */
		586753731D1F359600172B4E /* ObjectAnimationWithCollisionQuartzC.app */ = {isa = PBXFileReference; explicitFileType = wrapper.application; includeInIndex = 0; path = ObjectAnimationWithCollisionQuartzC.app; sourceTree = BUILT_PRODUCTS_DIR; };
		586753761D1F359600172B4E /* AppDelegate.swift */ = {isa = PBXFileReference; lastKnownFileType = sourcecode.swift; path = AppDelegate.swift; sourceTree = "<group>"; };
		586753781D1F359600172B4E /* ViewController.swift */ = {isa = PBXFileReference; lastKnownFileType = sourcecode.swift; path = ViewController.swift; sourceTree = "<group>"; };
		5867537B1D1F359600172B4E /* Base */ = {isa = PBXFileReference; lastKnownFileType = file.storyboard; name = Base; path = Base.lproj/Main.storyboard; sourceTree = "<group>"; };
		5867537D1D1F359600172B4E /* Assets.xcassets */ = {isa = PBXFileReference; lastKnownFileType = folder.assetcatalog; path = Assets.xcassets; sourceTree = "<group>"; };
		586753801D1F359600172B4E /* Base */ = {isa = PBXFileReference; lastKnownFileType = file.storyboard; name = Base; path = Base.lproj/LaunchScreen.storyboard; sourceTree = "<group>"; };
		586753821D1F359600172B4E /* Info.plist */ = {isa = PBXFileReference; lastKnownFileType = text.plist.xml; path = Info.plist; sourceTree = "<group>"; };
		586753881D1F362000172B4E /* asset_0.png */ = {isa = PBXFileReference; lastKnownFileType = image.png; path = asset_0.png; sourceTree = "<group>"; };
		586753891D1F362000172B4E /* asset_37.png */ = {isa = PBXFileReference; lastKnownFileType = image.png; path = asset_37.png; sourceTree = "<group>"; };
		5867538A1D1F362000172B4E /* asset_218.png */ = {isa = PBXFileReference; lastKnownFileType = image.png; path = asset_218.png; sourceTree = "<group>"; };
/* End PBXFileReference section */

/* Begin PBXFrameworksBuildPhase section */
		586753701D1F359600172B4E /* Frameworks */ = {
			isa = PBXFrameworksBuildPhase;
			buildActionMask = 2147483647;
			files = (
			);
			runOnlyForDeploymentPostprocessing = 0;
		};
/* End PBXFrameworksBuildPhase section */

/* Begin PBXGroup section */
		5867536A1D1F359600172B4E = {
			isa = PBXGroup;
			children = (
				586753751D1F359600172B4E /* ObjectAnimationWithCollisionQuartzC */,
				586753741D1F359600172B4E /* Products */,
			);
			sourceTree = "<group>";
		};
		586753741D1F359600172B4E /* Products */ = {
			isa = PBXGroup;
			children = (
				586753731D1F359600172B4E /* ObjectAnimationWithCollisionQuartzC.app */,
			);
			name = Products;
			sourceTree = "<group>";
		};
		586753751D1F359600172B4E /* ObjectAnimationWithCollisionQuartzC */ = {
			isa = PBXGroup;
			children = (
				586753881D1F362000172B4E /* asset_0.png */,
				586753891D1F362000172B4E /* asset_37.png */,
				5867538A1D1F362000172B4E /* asset_218.png */,
				586753761D1F359600172B4E /* AppDelegate.swift */,
				586753781D1F359600172B4E /* ViewController.swift */,
				5867537A1D1F359600172B4E /* Main.storyboard */,
				5867537D1D1F359600172B4E /* Assets.xcassets */,
				5867537F1D1F359600172B4E /* LaunchScreen.storyboard */,
				586753821D1F359600172B4E /* Info.plist */,
			);
			path = ObjectAnimationWithCollisionQuartzC;
			sourceTree = "<group>";
		};
/* End PBXGroup section */

/* Begin PBXNativeTarget section */
		586753721D1F359600172B4E /* ObjectAnimationWithCollisionQuartzC */ = {
			isa = PBXNativeTarget;
			buildConfigurationList = 586753851D1F359600172B4E /* Build configuration list for PBXNativeTarget "ObjectAnimationWithCollisionQuartzC" */;
			buildPhases = (
				5867536F1D1F359600172B4E /* Sources */,
				586753701D1F359600172B4E /* Frameworks */,
				586753711D1F359600172B4E /* Resources */,
			);
			buildRules = (
			);
			dependencies = (
			);
			name = ObjectAnimationWithCollisionQuartzC;
			productName = ObjectAnimationWithCollisionQuartzC;
			productReference = 586753731D1F359600172B4E /* ObjectAnimationWithCollisionQuartzC.app */;
			productType = "com.apple.product-type.application";
		};
/* End PBXNativeTarget section */

/* Begin PBXProject section */
		5867536B1D1F359600172B4E /* Project object */ = {
			isa = PBXProject;
			attributes = {
				LastSwiftUpdateCheck = 0730;
				LastUpgradeCheck = 0730;
				ORGANIZATIONNAME = CWJ;
				TargetAttributes = {
					586753721D1F359600172B4E = {
						CreatedOnToolsVersion = 7.3.1;
					};
				};
			};
			buildConfigurationList = 5867536E1D1F359600172B4E /* Build configuration list for PBXProject "ObjectAnimationWithCollisionQuartzC" */;
			compatibilityVersion = "Xcode 3.2";
			developmentRegion = English;
			hasScannedForEncodings = 0;
			knownRegions = (
				en,
				Base,
			);
			mainGroup = 5867536A1D1F359600172B4E;
			productRefGroup = 586753741D1F359600172B4E /* Products */;
			projectDirPath = "";
			projectRoot = "";
			targets = (
				586753721D1F359600172B4E /* ObjectAnimationWithCollisionQuartzC */,
			);
		};
/* End PBXProject section */

/* Begin PBXResourcesBuildPhase section */
		586753711D1F359600172B4E /* Resources */ = {
			isa = PBXResourcesBuildPhase;
			buildActionMask = 2147483647;
			files = (
				586753811D1F359600172B4E /* LaunchScreen.storyboard in Resources */,
				5867538B1D1F362000172B4E /* asset_0.png in Resources */,
				5867538D1D1F362000172B4E /* asset_218.png in Resources */,
				5867537E1D1F359600172B4E /* Assets.xcassets in Resources */,
				5867538C1D1F362000172B4E /* asset_37.png in Resources */,
				5867537C1D1F359600172B4E /* Main.storyboard in Resources */,
			);
			runOnlyForDeploymentPostprocessing = 0;
		};
/* End PBXResourcesBuildPhase section */

/* Begin PBXSourcesBuildPhase section */
		5867536F1D1F359600172B4E /* Sources */ = {
			isa = PBXSourcesBuildPhase;
			buildActionMask = 2147483647;
			files = (
				586753791D1F359600172B4E /* ViewController.swift in Sources */,
				586753771D1F359600172B4E /* AppDelegate.swift in Sources */,
			);
			runOnlyForDeploymentPostprocessing = 0;
		};
/* End PBXSourcesBuildPhase section */

/* Begin PBXVariantGroup section */
		5867537A1D1F359600172B4E /* Main.storyboard */ = {
			isa = PBXVariantGroup;
			children = (
				5867537B1D1F359600172B4E /* Base */,
			);
			name = Main.storyboard;
			sourceTree = "<group>";
		};
		5867537F1D1F359600172B4E /* LaunchScreen.storyboard */ = {
			isa = PBXVariantGroup;
			children = (
				586753801D1F359600172B4E /* Base */,
			);
			name = LaunchScreen.storyboard;
			sourceTree = "<group>";
		};
/* End PBXVariantGroup section */

/* Begin XCBuildConfiguration section */
		586753831D1F359600172B4E /* Debug */ = {
			isa = XCBuildConfiguration;
			buildSettings = {
				ALWAYS_SEARCH_USER_PATHS = NO;
				CLANG_ANALYZER_NONNULL = YES;
				CLANG_CXX_LANGUAGE_STANDARD = "gnu++0x";
				CLANG_CXX_LIBRARY = "libc++";
				CLANG_ENABLE_MODULES = YES;
				CLANG_ENABLE_OBJC_ARC = YES;
				CLANG_WARN_BOOL_CONVERSION = YES;
				CLANG_WARN_CONSTANT_CONVERSION = YES;
				CLANG_WARN_DIRECT_OBJC_ISA_USAGE = YES_ERROR;
				CLANG_WARN_EMPTY_BODY = YES;
				CLANG_WARN_ENUM_CONVERSION = YES;
				CLANG_WARN_INT_CONVERSION = YES;
				CLANG_WARN_OBJC_ROOT_CLASS = YES_ERROR;
				CLANG_WARN_UNREACHABLE_CODE = YES;
				CLANG_WARN__DUPLICATE_METHOD_MATCH = YES;
				"CODE_SIGN_IDENTITY[sdk=iphoneos*]" = "iPhone Developer";
				COPY_PHASE_STRIP = NO;
				DEBUG_INFORMATION_FORMAT = dwarf;
				ENABLE_STRICT_OBJC_MSGSEND = YES;
				ENABLE_TESTABILITY = YES;
				GCC_C_LANGUAGE_STANDARD = gnu99;
				GCC_DYNAMIC_NO_PIC = NO;
				GCC_NO_COMMON_BLOCKS = YES;
				GCC_OPTIMIZATION_LEVEL = 0;
				GCC_PREPROCESSOR_DEFINITIONS = (
					"DEBUG=1",
					"$(inherited)",
				);
				GCC_WARN_64_TO_32_BIT_CONVERSION = YES;
				GCC_WARN_ABOUT_RETURN_TYPE = YES_ERROR;
				GCC_WARN_UNDECLARED_SELECTOR = YES;
				GCC_WARN_UNINITIALIZED_AUTOS = YES_AGGRESSIVE;
				GCC_WARN_UNUSED_FUNCTION = YES;
				GCC_WARN_UNUSED_VARIABLE = YES;
				IPHONEOS_DEPLOYMENT_TARGET = 9.3;
				MTL_ENABLE_DEBUG_INFO = YES;
				ONLY_ACTIVE_ARCH = YES;
				SDKROOT = iphoneos;
				SWIFT_OPTIMIZATION_LEVEL = "-Onone";
				TARGETED_DEVICE_FAMILY = "1,2";
			};
			name = Debug;
		};
		586753841D1F359600172B4E /* Release */ = {
			isa = XCBuildConfiguration;
			buildSettings = {
				ALWAYS_SEARCH_USER_PATHS = NO;
				CLANG_ANALYZER_NONNULL = YES;
				CLANG_CXX_LANGUAGE_STANDARD = "gnu++0x";
				CLANG_CXX_LIBRARY = "libc++";
				CLANG_ENABLE_MODULES = YES;
				CLANG_ENABLE_OBJC_ARC = YES;
				CLANG_WARN_BOOL_CONVERSION = YES;
				CLANG_WARN_CONSTANT_CONVERSION = YES;
				CLANG_WARN_DIRECT_OBJC_ISA_USAGE = YES_ERROR;
				CLANG_WARN_EMPTY_BODY = YES;
				CLANG_WARN_ENUM_CONVERSION = YES;
				CLANG_WARN_INT_CONVERSION = YES;
				CLANG_WARN_OBJC_ROOT_CLASS = YES_ERROR;
				CLANG_WARN_UNREACHABLE_CODE = YES;
				CLANG_WARN__DUPLICATE_METHOD_MATCH = YES;
				"CODE_SIGN_IDENTITY[sdk=iphoneos*]" = "iPhone Developer";
				COPY_PHASE_STRIP = NO;
				DEBUG_INFORMATION_FORMAT = "dwarf-with-dsym";
				ENABLE_NS_ASSERTIONS = NO;
				ENABLE_STRICT_OBJC_MSGSEND = YES;
				GCC_C_LANGUAGE_STANDARD = gnu99;
				GCC_NO_COMMON_BLOCKS = YES;
				GCC_WARN_64_TO_32_BIT_CONVERSION = YES;
				GCC_WARN_ABOUT_RETURN_TYPE = YES_ERROR;
				GCC_WARN_UNDECLARED_SELECTOR = YES;
				GCC_WARN_UNINITIALIZED_AUTOS = YES_AGGRESSIVE;
				GCC_WARN_UNUSED_FUNCTION = YES;
				GCC_WARN_UNUSED_VARIABLE = YES;
				IPHONEOS_DEPLOYMENT_TARGET = 9.3;
				MTL_ENABLE_DEBUG_INFO = NO;
				SDKROOT = iphoneos;
				TARGETED_DEVICE_FAMILY = "1,2";
				VALIDATE_PRODUCT = YES;
			};
			name = Release;
		};
		586753861D1F359600172B4E /* Debug */ = {
			isa = XCBuildConfiguration;
			buildSettings = {
				ASSETCATALOG_COMPILER_APPICON_NAME = AppIcon;
				INFOPLIST_FILE = ObjectAnimationWithCollisionQuartzC/Info.plist;
				LD_RUNPATH_SEARCH_PATHS = "$(inherited) @executable_path/Frameworks";
				PRODUCT_BUNDLE_IDENTIFIER = com.codewithjallohDev.ObjectAnimationWithCollisionQuartzC;
				PRODUCT_NAME = "$(TARGET_NAME)";
			};
			name = Debug;
		};
		586753871D1F359600172B4E /* Release */ = {
			isa = XCBuildConfiguration;
			buildSettings = {
				ASSETCATALOG_COMPILER_APPICON_NAME = AppIcon;
				INFOPLIST_FILE = ObjectAnimationWithCollisionQuartzC/Info.plist;
				LD_RUNPATH_SEARCH_PATHS = "$(inherited) @executable_path/Frameworks";
				PRODUCT_BUNDLE_IDENTIFIER = com.codewithjallohDev.ObjectAnimationWithCollisionQuartzC;
				PRODUCT_NAME = "$(TARGET_NAME)";
			};
			name = Release;
		};
/* End XCBuildConfiguration section */

/* Begin XCConfigurationList section */
		5867536E1D1F359600172B4E /* Build configuration list for PBXProject "ObjectAnimationWithCollisionQuartzC" */ = {
			isa = XCConfigurationList;
			buildConfigurations = (
				586753831D1F359600172B4E /* Debug */,
				586753841D1F359600172B4E /* Release */,
			);
			defaultConfigurationIsVisible = 0;
			defaultConfigurationName = Release;
		};
		586753851D1F359600172B4E /* Build configuration list for PBXNativeTarget "ObjectAnimationWithCollisionQuartzC" */ = {
			isa = XCConfigurationList;
			buildConfigurations = (
				586753861D1F359600172B4E /* Debug */,
				586753871D1F359600172B4E /* Release */,
			);
			defaultConfigurationIsVisible = 0;
		};
/* End XCConfigurationList section */
	};
	rootObject = 5867536B1D1F359600172B4E /* Project object */;
}
